
Microsoft Visual Studio Solution File, Format Version 12.00
# Visual Studio Version 16
VisualStudioVersion = 16.0.33214.272
MinimumVisualStudioVersion = 10.0.40219.1
Project("{FAE04EC0-301F-11D3-BF4B-00C04F79EFBC}") = "Operadores Logicos Numericos]", "Operadores Logicos Numericos]\Operadores Logicos Numericos].csproj", "{32463443-DFA9-4FF1-A533-0FCC6FF4A16C}"
EndProject
Project("{FAE04EC0-301F-11D3-BF4B-00C04F79EFBC}") = "Outros Operadores Logicos", "Outros Operadores Logicos\Outros Operadores Logicos.csproj", "{797C0290-917D-4094-BE89-D2AD5738478A}"
EndProject
Project("{FAE04EC0-301F-11D3-BF4B-00C04F79EFBC}") = "Estruturas Decisão", "Estruturas Decisão\Estruturas Decisão.csproj", "{CB3F184B-6DB7-49A0-9C2C-DE4C6D2AD033}"
EndProject
Project("{FAE04EC0-301F-11D3-BF4B-00C04F79EFBC}") = "Segundo Projeto", "Segundo Projeto\Segundo Projeto.csproj", "{676F6FCC-0C3F-49AE-B7E9-35BFE2F78FB9}"
EndProject
Project("{FAE04EC0-301F-11D3-BF4B-00C04F79EFBC}") = "Operadores Matematicos Basicos", "Operadores Matematicos Basicos\Operadores Matematicos Basicos.csproj", "{356FF3C6-10BE-4D9D-90FE-D6EDE5496118}"
EndProject
Project("{FAE04EC0-301F-11D3-BF4B-00C04F79EFBC}") = "Operadores Matematicos Avançados", "Operadores Matematicos Avançados\Operadores Matematicos Avançados.csproj", "{9174061A-68C3-4DAD-BE4E-FE5939D2E521}"
EndProject
Project("{FAE04EC0-301F-11D3-BF4B-00C04F79EFBC}") = "AulaDateTime", "DateTime\AulaDateTime.csproj", "{844FB875-33AC-4E2C-AF29-587D7AB22FA3}"
EndProject
Project("{FAE04EC0-301F-11D3-BF4B-00C04F79EFBC}") = "Arrays", "Arrays\Arrays.csproj", "{B0BF4320-C0EE-48D4-BF15-F9FC5238DD96}"
EndProject
Project("{FAE04EC0-301F-11D3-BF4B-00C04F79EFBC}") = "Laços rep", "Laços rep\Laços rep.csproj", "{1890C1D4-D1F5-4CAC-A181-F4C45FD09443}"
EndProject
Project("{FAE04EC0-301F-11D3-BF4B-00C04F79EFBC}") = "BreakContinue", "BreakContinue\BreakContinue.csproj", "{393F86FE-B921-413B-AC77-008405E8D1E1}"
EndProject
Project("{FAE04EC0-301F-11D3-BF4B-00C04F79EFBC}") = "ProjetoFatorial", "ProjetoFatorial\ProjetoFatorial.csproj", "{83265077-5D33-4D36-B6F9-6CC1EB524598}"
EndProject
Project("{FAE04EC0-301F-11D3-BF4B-00C04F79EFBC}") = "ProjetoLogin", "ProjetoLogin\ProjetoLogin.csproj", "{8C2AFB64-434B-408B-B49C-F2A6F5442B70}"
EndProject
Project("{FAE04EC0-301F-11D3-BF4B-00C04F79EFBC}") = "ManipulacaoStrings", "ManipulacaoStrings\ManipulacaoStrings.csproj", "{06CDEEF7-3B2B-4247-9AB5-54ACEDE63774}"
EndProject
Project("{FAE04EC0-301F-11D3-BF4B-00C04F79EFBC}") = "TerceiroProjeto", "TerceiroProjeto\TerceiroProjeto.csproj", "{54B0170E-700E-4053-ABAB-E932251F9047}"
EndProject
Project("{FAE04EC0-301F-11D3-BF4B-00C04F79EFBC}") = "Enums", "Enums\Enums.csproj", "{14BA405B-7A8F-4A3F-BB65-136AB8ADA2AC}"
EndProject
Project("{FAE04EC0-301F-11D3-BF4B-00C04F79EFBC}") = "Struct", "Struct\Struct.csproj", "{D820A5A8-EBF4-4448-BD17-A05E310D8F73}"
EndProject
Project("{FAE04EC0-301F-11D3-BF4B-00C04F79EFBC}") = "Listas", "Listas\Listas.csproj", "{A11D7053-9A44-42ED-8DF5-B28CE169BB4B}"
EndProject
Project("{FAE04EC0-301F-11D3-BF4B-00C04F79EFBC}") = "Quarto Projeto", "Quarto Projeto\Quarto Projeto.csproj", "{83F18FAE-39BE-4539-B9EF-BED33728DC79}"
EndProject
Project("{FAE04EC0-301F-11D3-BF4B-00C04F79EFBC}") = "Fila_Pilha", "Fila_Pilha\Fila_Pilha.csproj", "{E7C76103-255D-455A-9834-26F0C58029EC}"
EndProject
Project("{FAE04EC0-301F-11D3-BF4B-00C04F79EFBC}") = "TratamentoExcecoes", "TratamentoExcecoes\TratamentoExcecoes.csproj", "{68D8CBED-BACE-4F1E-9423-FA95EFD122C5}"
EndProject
Project("{FAE04EC0-301F-11D3-BF4B-00C04F79EFBC}") = "ForçarExceção", "ForçarExceção\ForçarExceção.csproj", "{2B4A9EB6-662C-46B0-A4DB-987371BE2101}"
EndProject
Project("{FAE04EC0-301F-11D3-BF4B-00C04F79EFBC}") = "Metodos", "Metodos\Metodos.csproj", "{C0698121-2583-417D-B563-4BA8730014C3}"
EndProject
Project("{FAE04EC0-301F-11D3-BF4B-00C04F79EFBC}") = "QuintoProjeto", "QuintoProjeto\QuintoProjeto.csproj", "{702D76AD-0349-4D91-91D6-69956DA5C210}"
EndProject
Project("{FAE04EC0-301F-11D3-BF4B-00C04F79EFBC}") = "Delegate", "Delegate\Delegate.csproj", "{5FDFCDBF-8E95-4D21-9AA2-D7DA2E166D29}"
EndProject
Project("{FAE04EC0-301F-11D3-BF4B-00C04F79EFBC}") = "ManipularArquivos", "ManipularArquivos\ManipularArquivos.csproj", "{5BB95A0A-2C4D-42D8-82AF-8FCCADD3229A}"
EndProject
Project("{FAE04EC0-301F-11D3-BF4B-00C04F79EFBC}") = "SextoProjeto", "SextoProjeto\SextoProjeto.csproj", "{3A6B45F5-8C90-4328-A839-12786333172D}"
EndProject
Project("{FAE04EC0-301F-11D3-BF4B-00C04F79EFBC}") = "DepuracaoAvançada", "DepuracaoAvançada\DepuracaoAvançada.csproj", "{87029C02-22C1-4FD0-B269-1259F48262DE}"
EndProject
Project("{FAE04EC0-301F-11D3-BF4B-00C04F79EFBC}") = "StreamReader_StreamWriter", "StreamReader_StreamRyder\StreamReader_StreamWriter.csproj", "{BD2871C6-1BA1-4255-B8FD-29A93039A886}"
EndProject
Project("{FAE04EC0-301F-11D3-BF4B-00C04F79EFBC}") = "SetimoProjeto", "SetimoProjeto\SetimoProjeto.csproj", "{8471C14D-7D0C-4CF9-B0E8-C10F7FA3003D}"
EndProject
Project("{FAE04EC0-301F-11D3-BF4B-00C04F79EFBC}") = "OrientaçãoAObjetos", "OrientaçãoAObjetos\OrientaçãoAObjetos.csproj", "{915C30D0-E5EB-436A-BCA8-C75660361FE3}"
EndProject
Project("{FAE04EC0-301F-11D3-BF4B-00C04F79EFBC}") = "Classes", "Classes\Classes.csproj", "{B2C5F2AB-7EB5-4891-8C79-CE9FDD9AE72B}"
EndProject
Project("{FAE04EC0-301F-11D3-BF4B-00C04F79EFBC}") = "AtributosClasse", "AtributosClasse\AtributosClasse.csproj", "{6025DD15-5258-4057-9035-E79FA23AAD51}"
EndProject
Project("{FAE04EC0-301F-11D3-BF4B-00C04F79EFBC}") = "MetodosClasse", "MetodosClasse\MetodosClasse.csproj", "{EACB764B-341A-4AC5-99BC-5B663B66E8EC}"
EndProject
Project("{FAE04EC0-301F-11D3-BF4B-00C04F79EFBC}") = "ModificadorStatic", "ModificadorStatic\ModificadorStatic.csproj", "{577F35AA-D0E8-41A9-B735-80E0CC428023}"
EndProject
Project("{FAE04EC0-301F-11D3-BF4B-00C04F79EFBC}") = "PropriedadesClasse", "PropriedadesClasse\PropriedadesClasse.csproj", "{D629025B-1177-42A6-8D89-BAE0446DCB29}"
EndProject
Project("{FAE04EC0-301F-11D3-BF4B-00C04F79EFBC}") = "Interfaces", "Interfaces\Interfaces.csproj", "{35C6616E-0104-4BA5-BB30-A8DC040DD1AC}"
EndProject
Project("{FAE04EC0-301F-11D3-BF4B-00C04F79EFBC}") = "OitavoProjeto", "OitavoProjeto\OitavoProjeto.csproj", "{4D04FCD9-DFCB-4BEE-A940-13ABBDA7607D}"
EndProject
Project("{FAE04EC0-301F-11D3-BF4B-00C04F79EFBC}") = "HerancaClasse", "HerancaClasse\HerancaClasse.csproj", "{4AE2E766-7734-4FE6-9C20-A698EB8B892F}"
EndProject
Project("{FAE04EC0-301F-11D3-BF4B-00C04F79EFBC}") = "HerançaClasseExemplo", "HerançaClasseExemplo\HerançaClasseExemplo.csproj", "{21450809-017D-4AA7-9FFF-70552674B267}"
EndProject
Project("{FAE04EC0-301F-11D3-BF4B-00C04F79EFBC}") = "ModificadorAbstract", "ModificadorAbstract\ModificadorAbstract.csproj", "{C1A3F379-9887-44C3-A663-72E27C842EC2}"
EndProject
Project("{FAE04EC0-301F-11D3-BF4B-00C04F79EFBC}") = "Polimorfismo", "Polimorfismo\Polimorfismo.csproj", "{B3003A47-928E-4AFB-8F75-B7386EA0A482}"
EndProject
Project("{FAE04EC0-301F-11D3-BF4B-00C04F79EFBC}") = "UpcastingDowncasting", "UpcastingDowncasting\UpcastingDowncasting.csproj", "{8DABF44B-1F7E-4739-AED6-F408C1EE4568}"
EndProject
Project("{FAE04EC0-301F-11D3-BF4B-00C04F79EFBC}") = "SerializarDesserializarObjetos", "SerializarDesserializarObjetos\SerializarDesserializarObjetos.csproj", "{D99DE01F-107F-4D1F-8979-D7DFE5886DDB}"
EndProject
Project("{FAE04EC0-301F-11D3-BF4B-00C04F79EFBC}") = "NonoProjeto", "NonoProjeto\NonoProjeto.csproj", "{2D92725D-6B60-42EF-A93D-1725D64030D3}"
EndProject
Project("{FAE04EC0-301F-11D3-BF4B-00C04F79EFBC}") = "Excecoes", "Excecoes\Excecoes.csproj", "{607D1437-001A-4C72-A19B-BF3E8B3DE79D}"
EndProject
Project("{FAE04EC0-301F-11D3-BF4B-00C04F79EFBC}") = "Eventos", "Eventos\Eventos.csproj", "{BA2B0003-3237-430F-B34A-8FC4F47D13F9}"
EndProject
Project("{FAE04EC0-301F-11D3-BF4B-00C04F79EFBC}") = "MyDLL", "MyDLL\MyDLL.csproj", "{84676E4F-29C0-46F0-A6C2-6C8E871B3EBA}"
EndProject
Project("{FAE04EC0-301F-11D3-BF4B-00C04F79EFBC}") = "CarregarDLL", "CarregarDLL\CarregarDLL.csproj", "{2AD58F1E-47E4-4360-B1C4-5BD94B58524A}"
EndProject
Project("{FAE04EC0-301F-11D3-BF4B-00C04F79EFBC}") = "CarregarDLLDinamicamente", "CarregarDLLDinamicamente\CarregarDLLDinamicamente.csproj", "{EF0F19C8-493A-4730-B2BB-07C31C38C597}"
EndProject
Project("{FAE04EC0-301F-11D3-BF4B-00C04F79EFBC}") = "DLLNativa", "DLLNativa\DLLNativa.csproj", "{375EA37D-7764-47C0-9D04-5462CD32D4BD}"
EndProject
Project("{FAE04EC0-301F-11D3-BF4B-00C04F79EFBC}") = "ParallelProgramming", "ParallelProgramming\ParallelProgramming.csproj", "{3FEEC7F5-68E8-45A8-89E2-9F332B506141}"
EndProject
Project("{FAE04EC0-301F-11D3-BF4B-00C04F79EFBC}") = "Threads 2", "Threads 2\Threads 2.csproj", "{C15D5750-6142-4EAC-B529-4DCB685E2183}"
EndProject
Project("{FAE04EC0-301F-11D3-BF4B-00C04F79EFBC}") = "DecimoProjeto", "DecimoProjeto\DecimoProjeto.csproj", "{C772E697-B164-49AB-BCAB-E59C39C172FD}"
EndProject
Project("{FAE04EC0-301F-11D3-BF4B-00C04F79EFBC}") = "Tasks", "Tasks\Tasks.csproj", "{1B5B3A7B-CD96-431E-875F-9317926410BF}"
EndProject
Project("{FAE04EC0-301F-11D3-BF4B-00C04F79EFBC}") = "MutexSemaphore", "MutexSemaphore\MutexSemaphore.csproj", "{6646916D-9B8F-418E-B2EA-3BC01017F8CB}"
EndProject
Project("{FAE04EC0-301F-11D3-BF4B-00C04F79EFBC}") = "AsyncAwait", "AsyncAwait\AsyncAwait.csproj", "{473B06B2-F3B4-41F2-9B24-43DE0F9302AA}"
EndProject
Project("{FAE04EC0-301F-11D3-BF4B-00C04F79EFBC}") = "Timers", "Timers\Timers.csproj", "{6ECC2AE8-AB38-4757-AD96-FC3BC23ACD6F}"
EndProject
Project("{FAE04EC0-301F-11D3-BF4B-00C04F79EFBC}") = "ThreadTimer", "ThreadTimer\ThreadTimer.csproj", "{2F8E2A5F-0767-4010-9015-31C8C5AA6F73}"
EndProject
Global
	GlobalSection(SolutionConfigurationPlatforms) = preSolution
		Debug|Any CPU = Debug|Any CPU
		Release|Any CPU = Release|Any CPU
	EndGlobalSection
	GlobalSection(ProjectConfigurationPlatforms) = postSolution
		{32463443-DFA9-4FF1-A533-0FCC6FF4A16C}.Debug|Any CPU.ActiveCfg = Debug|Any CPU
		{32463443-DFA9-4FF1-A533-0FCC6FF4A16C}.Debug|Any CPU.Build.0 = Debug|Any CPU
		{32463443-DFA9-4FF1-A533-0FCC6FF4A16C}.Release|Any CPU.ActiveCfg = Release|Any CPU
		{32463443-DFA9-4FF1-A533-0FCC6FF4A16C}.Release|Any CPU.Build.0 = Release|Any CPU
		{797C0290-917D-4094-BE89-D2AD5738478A}.Debug|Any CPU.ActiveCfg = Debug|Any CPU
		{797C0290-917D-4094-BE89-D2AD5738478A}.Debug|Any CPU.Build.0 = Debug|Any CPU
		{797C0290-917D-4094-BE89-D2AD5738478A}.Release|Any CPU.ActiveCfg = Release|Any CPU
		{797C0290-917D-4094-BE89-D2AD5738478A}.Release|Any CPU.Build.0 = Release|Any CPU
		{CB3F184B-6DB7-49A0-9C2C-DE4C6D2AD033}.Debug|Any CPU.ActiveCfg = Debug|Any CPU
		{CB3F184B-6DB7-49A0-9C2C-DE4C6D2AD033}.Debug|Any CPU.Build.0 = Debug|Any CPU
		{CB3F184B-6DB7-49A0-9C2C-DE4C6D2AD033}.Release|Any CPU.ActiveCfg = Release|Any CPU
		{CB3F184B-6DB7-49A0-9C2C-DE4C6D2AD033}.Release|Any CPU.Build.0 = Release|Any CPU
		{676F6FCC-0C3F-49AE-B7E9-35BFE2F78FB9}.Debug|Any CPU.ActiveCfg = Debug|Any CPU
		{676F6FCC-0C3F-49AE-B7E9-35BFE2F78FB9}.Debug|Any CPU.Build.0 = Debug|Any CPU
		{676F6FCC-0C3F-49AE-B7E9-35BFE2F78FB9}.Release|Any CPU.ActiveCfg = Release|Any CPU
		{676F6FCC-0C3F-49AE-B7E9-35BFE2F78FB9}.Release|Any CPU.Build.0 = Release|Any CPU
		{356FF3C6-10BE-4D9D-90FE-D6EDE5496118}.Debug|Any CPU.ActiveCfg = Debug|Any CPU
		{356FF3C6-10BE-4D9D-90FE-D6EDE5496118}.Debug|Any CPU.Build.0 = Debug|Any CPU
		{356FF3C6-10BE-4D9D-90FE-D6EDE5496118}.Release|Any CPU.ActiveCfg = Release|Any CPU
		{356FF3C6-10BE-4D9D-90FE-D6EDE5496118}.Release|Any CPU.Build.0 = Release|Any CPU
		{9174061A-68C3-4DAD-BE4E-FE5939D2E521}.Debug|Any CPU.ActiveCfg = Debug|Any CPU
		{9174061A-68C3-4DAD-BE4E-FE5939D2E521}.Debug|Any CPU.Build.0 = Debug|Any CPU
		{9174061A-68C3-4DAD-BE4E-FE5939D2E521}.Release|Any CPU.ActiveCfg = Release|Any CPU
		{9174061A-68C3-4DAD-BE4E-FE5939D2E521}.Release|Any CPU.Build.0 = Release|Any CPU
		{844FB875-33AC-4E2C-AF29-587D7AB22FA3}.Debug|Any CPU.ActiveCfg = Debug|Any CPU
		{844FB875-33AC-4E2C-AF29-587D7AB22FA3}.Debug|Any CPU.Build.0 = Debug|Any CPU
		{844FB875-33AC-4E2C-AF29-587D7AB22FA3}.Release|Any CPU.ActiveCfg = Release|Any CPU
		{844FB875-33AC-4E2C-AF29-587D7AB22FA3}.Release|Any CPU.Build.0 = Release|Any CPU
		{B0BF4320-C0EE-48D4-BF15-F9FC5238DD96}.Debug|Any CPU.ActiveCfg = Debug|Any CPU
		{B0BF4320-C0EE-48D4-BF15-F9FC5238DD96}.Debug|Any CPU.Build.0 = Debug|Any CPU
		{B0BF4320-C0EE-48D4-BF15-F9FC5238DD96}.Release|Any CPU.ActiveCfg = Release|Any CPU
		{B0BF4320-C0EE-48D4-BF15-F9FC5238DD96}.Release|Any CPU.Build.0 = Release|Any CPU
		{1890C1D4-D1F5-4CAC-A181-F4C45FD09443}.Debug|Any CPU.ActiveCfg = Debug|Any CPU
		{1890C1D4-D1F5-4CAC-A181-F4C45FD09443}.Debug|Any CPU.Build.0 = Debug|Any CPU
		{1890C1D4-D1F5-4CAC-A181-F4C45FD09443}.Release|Any CPU.ActiveCfg = Release|Any CPU
		{1890C1D4-D1F5-4CAC-A181-F4C45FD09443}.Release|Any CPU.Build.0 = Release|Any CPU
		{393F86FE-B921-413B-AC77-008405E8D1E1}.Debug|Any CPU.ActiveCfg = Debug|Any CPU
		{393F86FE-B921-413B-AC77-008405E8D1E1}.Debug|Any CPU.Build.0 = Debug|Any CPU
		{393F86FE-B921-413B-AC77-008405E8D1E1}.Release|Any CPU.ActiveCfg = Release|Any CPU
		{393F86FE-B921-413B-AC77-008405E8D1E1}.Release|Any CPU.Build.0 = Release|Any CPU
		{83265077-5D33-4D36-B6F9-6CC1EB524598}.Debug|Any CPU.ActiveCfg = Debug|Any CPU
		{83265077-5D33-4D36-B6F9-6CC1EB524598}.Debug|Any CPU.Build.0 = Debug|Any CPU
		{83265077-5D33-4D36-B6F9-6CC1EB524598}.Release|Any CPU.ActiveCfg = Release|Any CPU
		{83265077-5D33-4D36-B6F9-6CC1EB524598}.Release|Any CPU.Build.0 = Release|Any CPU
		{8C2AFB64-434B-408B-B49C-F2A6F5442B70}.Debug|Any CPU.ActiveCfg = Debug|Any CPU
		{8C2AFB64-434B-408B-B49C-F2A6F5442B70}.Debug|Any CPU.Build.0 = Debug|Any CPU
		{8C2AFB64-434B-408B-B49C-F2A6F5442B70}.Release|Any CPU.ActiveCfg = Release|Any CPU
		{8C2AFB64-434B-408B-B49C-F2A6F5442B70}.Release|Any CPU.Build.0 = Release|Any CPU
		{06CDEEF7-3B2B-4247-9AB5-54ACEDE63774}.Debug|Any CPU.ActiveCfg = Debug|Any CPU
		{06CDEEF7-3B2B-4247-9AB5-54ACEDE63774}.Debug|Any CPU.Build.0 = Debug|Any CPU
		{06CDEEF7-3B2B-4247-9AB5-54ACEDE63774}.Release|Any CPU.ActiveCfg = Release|Any CPU
		{06CDEEF7-3B2B-4247-9AB5-54ACEDE63774}.Release|Any CPU.Build.0 = Release|Any CPU
		{54B0170E-700E-4053-ABAB-E932251F9047}.Debug|Any CPU.ActiveCfg = Debug|Any CPU
		{54B0170E-700E-4053-ABAB-E932251F9047}.Debug|Any CPU.Build.0 = Debug|Any CPU
		{54B0170E-700E-4053-ABAB-E932251F9047}.Release|Any CPU.ActiveCfg = Release|Any CPU
		{54B0170E-700E-4053-ABAB-E932251F9047}.Release|Any CPU.Build.0 = Release|Any CPU
		{14BA405B-7A8F-4A3F-BB65-136AB8ADA2AC}.Debug|Any CPU.ActiveCfg = Debug|Any CPU
		{14BA405B-7A8F-4A3F-BB65-136AB8ADA2AC}.Debug|Any CPU.Build.0 = Debug|Any CPU
		{14BA405B-7A8F-4A3F-BB65-136AB8ADA2AC}.Release|Any CPU.ActiveCfg = Release|Any CPU
		{14BA405B-7A8F-4A3F-BB65-136AB8ADA2AC}.Release|Any CPU.Build.0 = Release|Any CPU
		{D820A5A8-EBF4-4448-BD17-A05E310D8F73}.Debug|Any CPU.ActiveCfg = Debug|Any CPU
		{D820A5A8-EBF4-4448-BD17-A05E310D8F73}.Debug|Any CPU.Build.0 = Debug|Any CPU
		{D820A5A8-EBF4-4448-BD17-A05E310D8F73}.Release|Any CPU.ActiveCfg = Release|Any CPU
		{D820A5A8-EBF4-4448-BD17-A05E310D8F73}.Release|Any CPU.Build.0 = Release|Any CPU
		{A11D7053-9A44-42ED-8DF5-B28CE169BB4B}.Debug|Any CPU.ActiveCfg = Debug|Any CPU
		{A11D7053-9A44-42ED-8DF5-B28CE169BB4B}.Debug|Any CPU.Build.0 = Debug|Any CPU
		{A11D7053-9A44-42ED-8DF5-B28CE169BB4B}.Release|Any CPU.ActiveCfg = Release|Any CPU
		{A11D7053-9A44-42ED-8DF5-B28CE169BB4B}.Release|Any CPU.Build.0 = Release|Any CPU
		{83F18FAE-39BE-4539-B9EF-BED33728DC79}.Debug|Any CPU.ActiveCfg = Debug|Any CPU
		{83F18FAE-39BE-4539-B9EF-BED33728DC79}.Debug|Any CPU.Build.0 = Debug|Any CPU
		{83F18FAE-39BE-4539-B9EF-BED33728DC79}.Release|Any CPU.ActiveCfg = Release|Any CPU
		{83F18FAE-39BE-4539-B9EF-BED33728DC79}.Release|Any CPU.Build.0 = Release|Any CPU
		{E7C76103-255D-455A-9834-26F0C58029EC}.Debug|Any CPU.ActiveCfg = Debug|Any CPU
		{E7C76103-255D-455A-9834-26F0C58029EC}.Debug|Any CPU.Build.0 = Debug|Any CPU
		{E7C76103-255D-455A-9834-26F0C58029EC}.Release|Any CPU.ActiveCfg = Release|Any CPU
		{E7C76103-255D-455A-9834-26F0C58029EC}.Release|Any CPU.Build.0 = Release|Any CPU
		{68D8CBED-BACE-4F1E-9423-FA95EFD122C5}.Debug|Any CPU.ActiveCfg = Debug|Any CPU
		{68D8CBED-BACE-4F1E-9423-FA95EFD122C5}.Debug|Any CPU.Build.0 = Debug|Any CPU
		{68D8CBED-BACE-4F1E-9423-FA95EFD122C5}.Release|Any CPU.ActiveCfg = Release|Any CPU
		{68D8CBED-BACE-4F1E-9423-FA95EFD122C5}.Release|Any CPU.Build.0 = Release|Any CPU
		{2B4A9EB6-662C-46B0-A4DB-987371BE2101}.Debug|Any CPU.ActiveCfg = Debug|Any CPU
		{2B4A9EB6-662C-46B0-A4DB-987371BE2101}.Debug|Any CPU.Build.0 = Debug|Any CPU
		{2B4A9EB6-662C-46B0-A4DB-987371BE2101}.Release|Any CPU.ActiveCfg = Release|Any CPU
		{2B4A9EB6-662C-46B0-A4DB-987371BE2101}.Release|Any CPU.Build.0 = Release|Any CPU
		{C0698121-2583-417D-B563-4BA8730014C3}.Debug|Any CPU.ActiveCfg = Debug|Any CPU
		{C0698121-2583-417D-B563-4BA8730014C3}.Debug|Any CPU.Build.0 = Debug|Any CPU
		{C0698121-2583-417D-B563-4BA8730014C3}.Release|Any CPU.ActiveCfg = Release|Any CPU
		{C0698121-2583-417D-B563-4BA8730014C3}.Release|Any CPU.Build.0 = Release|Any CPU
		{702D76AD-0349-4D91-91D6-69956DA5C210}.Debug|Any CPU.ActiveCfg = Debug|Any CPU
		{702D76AD-0349-4D91-91D6-69956DA5C210}.Debug|Any CPU.Build.0 = Debug|Any CPU
		{702D76AD-0349-4D91-91D6-69956DA5C210}.Release|Any CPU.ActiveCfg = Release|Any CPU
		{702D76AD-0349-4D91-91D6-69956DA5C210}.Release|Any CPU.Build.0 = Release|Any CPU
		{5FDFCDBF-8E95-4D21-9AA2-D7DA2E166D29}.Debug|Any CPU.ActiveCfg = Debug|Any CPU
		{5FDFCDBF-8E95-4D21-9AA2-D7DA2E166D29}.Debug|Any CPU.Build.0 = Debug|Any CPU
		{5FDFCDBF-8E95-4D21-9AA2-D7DA2E166D29}.Release|Any CPU.ActiveCfg = Release|Any CPU
		{5FDFCDBF-8E95-4D21-9AA2-D7DA2E166D29}.Release|Any CPU.Build.0 = Release|Any CPU
		{5BB95A0A-2C4D-42D8-82AF-8FCCADD3229A}.Debug|Any CPU.ActiveCfg = Debug|Any CPU
		{5BB95A0A-2C4D-42D8-82AF-8FCCADD3229A}.Debug|Any CPU.Build.0 = Debug|Any CPU
		{5BB95A0A-2C4D-42D8-82AF-8FCCADD3229A}.Release|Any CPU.ActiveCfg = Release|Any CPU
		{5BB95A0A-2C4D-42D8-82AF-8FCCADD3229A}.Release|Any CPU.Build.0 = Release|Any CPU
		{3A6B45F5-8C90-4328-A839-12786333172D}.Debug|Any CPU.ActiveCfg = Debug|Any CPU
		{3A6B45F5-8C90-4328-A839-12786333172D}.Debug|Any CPU.Build.0 = Debug|Any CPU
		{3A6B45F5-8C90-4328-A839-12786333172D}.Release|Any CPU.ActiveCfg = Release|Any CPU
		{3A6B45F5-8C90-4328-A839-12786333172D}.Release|Any CPU.Build.0 = Release|Any CPU
		{87029C02-22C1-4FD0-B269-1259F48262DE}.Debug|Any CPU.ActiveCfg = Debug|Any CPU
		{87029C02-22C1-4FD0-B269-1259F48262DE}.Debug|Any CPU.Build.0 = Debug|Any CPU
		{87029C02-22C1-4FD0-B269-1259F48262DE}.Release|Any CPU.ActiveCfg = Release|Any CPU
		{87029C02-22C1-4FD0-B269-1259F48262DE}.Release|Any CPU.Build.0 = Release|Any CPU
		{BD2871C6-1BA1-4255-B8FD-29A93039A886}.Debug|Any CPU.ActiveCfg = Debug|Any CPU
		{BD2871C6-1BA1-4255-B8FD-29A93039A886}.Debug|Any CPU.Build.0 = Debug|Any CPU
		{BD2871C6-1BA1-4255-B8FD-29A93039A886}.Release|Any CPU.ActiveCfg = Release|Any CPU
		{BD2871C6-1BA1-4255-B8FD-29A93039A886}.Release|Any CPU.Build.0 = Release|Any CPU
		{8471C14D-7D0C-4CF9-B0E8-C10F7FA3003D}.Debug|Any CPU.ActiveCfg = Debug|Any CPU
		{8471C14D-7D0C-4CF9-B0E8-C10F7FA3003D}.Debug|Any CPU.Build.0 = Debug|Any CPU
		{8471C14D-7D0C-4CF9-B0E8-C10F7FA3003D}.Release|Any CPU.ActiveCfg = Release|Any CPU
		{8471C14D-7D0C-4CF9-B0E8-C10F7FA3003D}.Release|Any CPU.Build.0 = Release|Any CPU
		{915C30D0-E5EB-436A-BCA8-C75660361FE3}.Debug|Any CPU.ActiveCfg = Debug|Any CPU
		{915C30D0-E5EB-436A-BCA8-C75660361FE3}.Debug|Any CPU.Build.0 = Debug|Any CPU
		{915C30D0-E5EB-436A-BCA8-C75660361FE3}.Release|Any CPU.ActiveCfg = Release|Any CPU
		{915C30D0-E5EB-436A-BCA8-C75660361FE3}.Release|Any CPU.Build.0 = Release|Any CPU
		{B2C5F2AB-7EB5-4891-8C79-CE9FDD9AE72B}.Debug|Any CPU.ActiveCfg = Debug|Any CPU
		{B2C5F2AB-7EB5-4891-8C79-CE9FDD9AE72B}.Debug|Any CPU.Build.0 = Debug|Any CPU
		{B2C5F2AB-7EB5-4891-8C79-CE9FDD9AE72B}.Release|Any CPU.ActiveCfg = Release|Any CPU
		{B2C5F2AB-7EB5-4891-8C79-CE9FDD9AE72B}.Release|Any CPU.Build.0 = Release|Any CPU
		{6025DD15-5258-4057-9035-E79FA23AAD51}.Debug|Any CPU.ActiveCfg = Debug|Any CPU
		{6025DD15-5258-4057-9035-E79FA23AAD51}.Debug|Any CPU.Build.0 = Debug|Any CPU
		{6025DD15-5258-4057-9035-E79FA23AAD51}.Release|Any CPU.ActiveCfg = Release|Any CPU
		{6025DD15-5258-4057-9035-E79FA23AAD51}.Release|Any CPU.Build.0 = Release|Any CPU
		{EACB764B-341A-4AC5-99BC-5B663B66E8EC}.Debug|Any CPU.ActiveCfg = Debug|Any CPU
		{EACB764B-341A-4AC5-99BC-5B663B66E8EC}.Debug|Any CPU.Build.0 = Debug|Any CPU
		{EACB764B-341A-4AC5-99BC-5B663B66E8EC}.Release|Any CPU.ActiveCfg = Release|Any CPU
		{EACB764B-341A-4AC5-99BC-5B663B66E8EC}.Release|Any CPU.Build.0 = Release|Any CPU
		{577F35AA-D0E8-41A9-B735-80E0CC428023}.Debug|Any CPU.ActiveCfg = Debug|Any CPU
		{577F35AA-D0E8-41A9-B735-80E0CC428023}.Debug|Any CPU.Build.0 = Debug|Any CPU
		{577F35AA-D0E8-41A9-B735-80E0CC428023}.Release|Any CPU.ActiveCfg = Release|Any CPU
		{577F35AA-D0E8-41A9-B735-80E0CC428023}.Release|Any CPU.Build.0 = Release|Any CPU
		{D629025B-1177-42A6-8D89-BAE0446DCB29}.Debug|Any CPU.ActiveCfg = Debug|Any CPU
		{D629025B-1177-42A6-8D89-BAE0446DCB29}.Debug|Any CPU.Build.0 = Debug|Any CPU
		{D629025B-1177-42A6-8D89-BAE0446DCB29}.Release|Any CPU.ActiveCfg = Release|Any CPU
		{D629025B-1177-42A6-8D89-BAE0446DCB29}.Release|Any CPU.Build.0 = Release|Any CPU
		{35C6616E-0104-4BA5-BB30-A8DC040DD1AC}.Debug|Any CPU.ActiveCfg = Debug|Any CPU
		{35C6616E-0104-4BA5-BB30-A8DC040DD1AC}.Debug|Any CPU.Build.0 = Debug|Any CPU
		{35C6616E-0104-4BA5-BB30-A8DC040DD1AC}.Release|Any CPU.ActiveCfg = Release|Any CPU
		{35C6616E-0104-4BA5-BB30-A8DC040DD1AC}.Release|Any CPU.Build.0 = Release|Any CPU
		{4D04FCD9-DFCB-4BEE-A940-13ABBDA7607D}.Debug|Any CPU.ActiveCfg = Debug|Any CPU
		{4D04FCD9-DFCB-4BEE-A940-13ABBDA7607D}.Debug|Any CPU.Build.0 = Debug|Any CPU
		{4D04FCD9-DFCB-4BEE-A940-13ABBDA7607D}.Release|Any CPU.ActiveCfg = Release|Any CPU
		{4D04FCD9-DFCB-4BEE-A940-13ABBDA7607D}.Release|Any CPU.Build.0 = Release|Any CPU
		{4AE2E766-7734-4FE6-9C20-A698EB8B892F}.Debug|Any CPU.ActiveCfg = Debug|Any CPU
		{4AE2E766-7734-4FE6-9C20-A698EB8B892F}.Debug|Any CPU.Build.0 = Debug|Any CPU
		{4AE2E766-7734-4FE6-9C20-A698EB8B892F}.Release|Any CPU.ActiveCfg = Release|Any CPU
		{4AE2E766-7734-4FE6-9C20-A698EB8B892F}.Release|Any CPU.Build.0 = Release|Any CPU
		{21450809-017D-4AA7-9FFF-70552674B267}.Debug|Any CPU.ActiveCfg = Debug|Any CPU
		{21450809-017D-4AA7-9FFF-70552674B267}.Debug|Any CPU.Build.0 = Debug|Any CPU
		{21450809-017D-4AA7-9FFF-70552674B267}.Release|Any CPU.ActiveCfg = Release|Any CPU
		{21450809-017D-4AA7-9FFF-70552674B267}.Release|Any CPU.Build.0 = Release|Any CPU
		{C1A3F379-9887-44C3-A663-72E27C842EC2}.Debug|Any CPU.ActiveCfg = Debug|Any CPU
		{C1A3F379-9887-44C3-A663-72E27C842EC2}.Debug|Any CPU.Build.0 = Debug|Any CPU
		{C1A3F379-9887-44C3-A663-72E27C842EC2}.Release|Any CPU.ActiveCfg = Release|Any CPU
		{C1A3F379-9887-44C3-A663-72E27C842EC2}.Release|Any CPU.Build.0 = Release|Any CPU
		{B3003A47-928E-4AFB-8F75-B7386EA0A482}.Debug|Any CPU.ActiveCfg = Debug|Any CPU
		{B3003A47-928E-4AFB-8F75-B7386EA0A482}.Debug|Any CPU.Build.0 = Debug|Any CPU
		{B3003A47-928E-4AFB-8F75-B7386EA0A482}.Release|Any CPU.ActiveCfg = Release|Any CPU
		{B3003A47-928E-4AFB-8F75-B7386EA0A482}.Release|Any CPU.Build.0 = Release|Any CPU
		{8DABF44B-1F7E-4739-AED6-F408C1EE4568}.Debug|Any CPU.ActiveCfg = Debug|Any CPU
		{8DABF44B-1F7E-4739-AED6-F408C1EE4568}.Debug|Any CPU.Build.0 = Debug|Any CPU
		{8DABF44B-1F7E-4739-AED6-F408C1EE4568}.Release|Any CPU.ActiveCfg = Release|Any CPU
		{8DABF44B-1F7E-4739-AED6-F408C1EE4568}.Release|Any CPU.Build.0 = Release|Any CPU
		{D99DE01F-107F-4D1F-8979-D7DFE5886DDB}.Debug|Any CPU.ActiveCfg = Debug|Any CPU
		{D99DE01F-107F-4D1F-8979-D7DFE5886DDB}.Debug|Any CPU.Build.0 = Debug|Any CPU
		{D99DE01F-107F-4D1F-8979-D7DFE5886DDB}.Release|Any CPU.ActiveCfg = Release|Any CPU
		{D99DE01F-107F-4D1F-8979-D7DFE5886DDB}.Release|Any CPU.Build.0 = Release|Any CPU
		{2D92725D-6B60-42EF-A93D-1725D64030D3}.Debug|Any CPU.ActiveCfg = Debug|Any CPU
		{2D92725D-6B60-42EF-A93D-1725D64030D3}.Debug|Any CPU.Build.0 = Debug|Any CPU
		{2D92725D-6B60-42EF-A93D-1725D64030D3}.Release|Any CPU.ActiveCfg = Release|Any CPU
		{2D92725D-6B60-42EF-A93D-1725D64030D3}.Release|Any CPU.Build.0 = Release|Any CPU
		{607D1437-001A-4C72-A19B-BF3E8B3DE79D}.Debug|Any CPU.ActiveCfg = Debug|Any CPU
		{607D1437-001A-4C72-A19B-BF3E8B3DE79D}.Debug|Any CPU.Build.0 = Debug|Any CPU
		{607D1437-001A-4C72-A19B-BF3E8B3DE79D}.Release|Any CPU.ActiveCfg = Release|Any CPU
		{607D1437-001A-4C72-A19B-BF3E8B3DE79D}.Release|Any CPU.Build.0 = Release|Any CPU
		{BA2B0003-3237-430F-B34A-8FC4F47D13F9}.Debug|Any CPU.ActiveCfg = Debug|Any CPU
		{BA2B0003-3237-430F-B34A-8FC4F47D13F9}.Debug|Any CPU.Build.0 = Debug|Any CPU
		{BA2B0003-3237-430F-B34A-8FC4F47D13F9}.Release|Any CPU.ActiveCfg = Release|Any CPU
		{BA2B0003-3237-430F-B34A-8FC4F47D13F9}.Release|Any CPU.Build.0 = Release|Any CPU
		{84676E4F-29C0-46F0-A6C2-6C8E871B3EBA}.Debug|Any CPU.ActiveCfg = Debug|Any CPU
		{84676E4F-29C0-46F0-A6C2-6C8E871B3EBA}.Debug|Any CPU.Build.0 = Debug|Any CPU
		{84676E4F-29C0-46F0-A6C2-6C8E871B3EBA}.Release|Any CPU.ActiveCfg = Release|Any CPU
		{84676E4F-29C0-46F0-A6C2-6C8E871B3EBA}.Release|Any CPU.Build.0 = Release|Any CPU
		{2AD58F1E-47E4-4360-B1C4-5BD94B58524A}.Debug|Any CPU.ActiveCfg = Debug|Any CPU
		{2AD58F1E-47E4-4360-B1C4-5BD94B58524A}.Debug|Any CPU.Build.0 = Debug|Any CPU
		{2AD58F1E-47E4-4360-B1C4-5BD94B58524A}.Release|Any CPU.ActiveCfg = Release|Any CPU
		{2AD58F1E-47E4-4360-B1C4-5BD94B58524A}.Release|Any CPU.Build.0 = Release|Any CPU
		{EF0F19C8-493A-4730-B2BB-07C31C38C597}.Debug|Any CPU.ActiveCfg = Debug|Any CPU
		{EF0F19C8-493A-4730-B2BB-07C31C38C597}.Debug|Any CPU.Build.0 = Debug|Any CPU
		{EF0F19C8-493A-4730-B2BB-07C31C38C597}.Release|Any CPU.ActiveCfg = Release|Any CPU
		{EF0F19C8-493A-4730-B2BB-07C31C38C597}.Release|Any CPU.Build.0 = Release|Any CPU
		{375EA37D-7764-47C0-9D04-5462CD32D4BD}.Debug|Any CPU.ActiveCfg = Debug|Any CPU
		{375EA37D-7764-47C0-9D04-5462CD32D4BD}.Debug|Any CPU.Build.0 = Debug|Any CPU
		{375EA37D-7764-47C0-9D04-5462CD32D4BD}.Release|Any CPU.ActiveCfg = Release|Any CPU
		{375EA37D-7764-47C0-9D04-5462CD32D4BD}.Release|Any CPU.Build.0 = Release|Any CPU
		{3FEEC7F5-68E8-45A8-89E2-9F332B506141}.Debug|Any CPU.ActiveCfg = Debug|Any CPU
		{3FEEC7F5-68E8-45A8-89E2-9F332B506141}.Debug|Any CPU.Build.0 = Debug|Any CPU
		{3FEEC7F5-68E8-45A8-89E2-9F332B506141}.Release|Any CPU.ActiveCfg = Release|Any CPU
		{3FEEC7F5-68E8-45A8-89E2-9F332B506141}.Release|Any CPU.Build.0 = Release|Any CPU
		{C15D5750-6142-4EAC-B529-4DCB685E2183}.Debug|Any CPU.ActiveCfg = Debug|Any CPU
		{C15D5750-6142-4EAC-B529-4DCB685E2183}.Debug|Any CPU.Build.0 = Debug|Any CPU
		{C15D5750-6142-4EAC-B529-4DCB685E2183}.Release|Any CPU.ActiveCfg = Release|Any CPU
		{C15D5750-6142-4EAC-B529-4DCB685E2183}.Release|Any CPU.Build.0 = Release|Any CPU
		{C772E697-B164-49AB-BCAB-E59C39C172FD}.Debug|Any CPU.ActiveCfg = Debug|Any CPU
		{C772E697-B164-49AB-BCAB-E59C39C172FD}.Debug|Any CPU.Build.0 = Debug|Any CPU
		{C772E697-B164-49AB-BCAB-E59C39C172FD}.Release|Any CPU.ActiveCfg = Release|Any CPU
		{C772E697-B164-49AB-BCAB-E59C39C172FD}.Release|Any CPU.Build.0 = Release|Any CPU
		{1B5B3A7B-CD96-431E-875F-9317926410BF}.Debug|Any CPU.ActiveCfg = Debug|Any CPU
		{1B5B3A7B-CD96-431E-875F-9317926410BF}.Debug|Any CPU.Build.0 = Debug|Any CPU
		{1B5B3A7B-CD96-431E-875F-9317926410BF}.Release|Any CPU.ActiveCfg = Release|Any CPU
		{1B5B3A7B-CD96-431E-875F-9317926410BF}.Release|Any CPU.Build.0 = Release|Any CPU
		{6646916D-9B8F-418E-B2EA-3BC01017F8CB}.Debug|Any CPU.ActiveCfg = Debug|Any CPU
		{6646916D-9B8F-418E-B2EA-3BC01017F8CB}.Debug|Any CPU.Build.0 = Debug|Any CPU
		{6646916D-9B8F-418E-B2EA-3BC01017F8CB}.Release|Any CPU.ActiveCfg = Release|Any CPU
		{6646916D-9B8F-418E-B2EA-3BC01017F8CB}.Release|Any CPU.Build.0 = Release|Any CPU
		{473B06B2-F3B4-41F2-9B24-43DE0F9302AA}.Debug|Any CPU.ActiveCfg = Debug|Any CPU
		{473B06B2-F3B4-41F2-9B24-43DE0F9302AA}.Debug|Any CPU.Build.0 = Debug|Any CPU
		{473B06B2-F3B4-41F2-9B24-43DE0F9302AA}.Release|Any CPU.ActiveCfg = Release|Any CPU
		{473B06B2-F3B4-41F2-9B24-43DE0F9302AA}.Release|Any CPU.Build.0 = Release|Any CPU
		{6ECC2AE8-AB38-4757-AD96-FC3BC23ACD6F}.Debug|Any CPU.ActiveCfg = Debug|Any CPU
		{6ECC2AE8-AB38-4757-AD96-FC3BC23ACD6F}.Debug|Any CPU.Build.0 = Debug|Any CPU
		{6ECC2AE8-AB38-4757-AD96-FC3BC23ACD6F}.Release|Any CPU.ActiveCfg = Release|Any CPU
		{6ECC2AE8-AB38-4757-AD96-FC3BC23ACD6F}.Release|Any CPU.Build.0 = Release|Any CPU
		{2F8E2A5F-0767-4010-9015-31C8C5AA6F73}.Debug|Any CPU.ActiveCfg = Debug|Any CPU
		{2F8E2A5F-0767-4010-9015-31C8C5AA6F73}.Debug|Any CPU.Build.0 = Debug|Any CPU
		{2F8E2A5F-0767-4010-9015-31C8C5AA6F73}.Release|Any CPU.ActiveCfg = Release|Any CPU
		{2F8E2A5F-0767-4010-9015-31C8C5AA6F73}.Release|Any CPU.Build.0 = Release|Any CPU
	EndGlobalSection
	GlobalSection(SolutionProperties) = preSolution
		HideSolutionNode = FALSE
	EndGlobalSection
	GlobalSection(ExtensibilityGlobals) = postSolution
		SolutionGuid = {49EF1144-CE44-49FF-A78C-59A60AB93D8B}
	EndGlobalSection
EndGlobal
